// !$*UTF8*$!
{
	archiveVersion = 1;
	classes = {
	};
	objectVersion = 50;
	objects = {

/* Begin PBXBuildFile section */
		3F0BF45C23DB28FB0037D726 /* AppDelegate.swift in Sources */ = {isa = PBXBuildFile; fileRef = 3F0BF45B23DB28FB0037D726 /* AppDelegate.swift */; };
		3F0BF45E23DB28FB0037D726 /* SceneDelegate.swift in Sources */ = {isa = PBXBuildFile; fileRef = 3F0BF45D23DB28FB0037D726 /* SceneDelegate.swift */; };
		3F0BF46023DB28FB0037D726 /* ContentView.swift in Sources */ = {isa = PBXBuildFile; fileRef = 3F0BF45F23DB28FB0037D726 /* ContentView.swift */; };
		3F0BF46223DB28FD0037D726 /* Assets.xcassets in Resources */ = {isa = PBXBuildFile; fileRef = 3F0BF46123DB28FD0037D726 /* Assets.xcassets */; };
		3F0BF46523DB28FD0037D726 /* Preview Assets.xcassets in Resources */ = {isa = PBXBuildFile; fileRef = 3F0BF46423DB28FD0037D726 /* Preview Assets.xcassets */; };
		3F0BF46823DB28FD0037D726 /* LaunchScreen.storyboard in Resources */ = {isa = PBXBuildFile; fileRef = 3F0BF46623DB28FD0037D726 /* LaunchScreen.storyboard */; };
/* End PBXBuildFile section */

/* Begin PBXFileReference section */
		3F0BF45823DB28FB0037D726 /* Dumble.app */ = {isa = PBXFileReference; explicitFileType = wrapper.application; includeInIndex = 0; path = Dumble.app; sourceTree = BUILT_PRODUCTS_DIR; };
		3F0BF45B23DB28FB0037D726 /* AppDelegate.swift */ = {isa = PBXFileReference; lastKnownFileType = sourcecode.swift; path = AppDelegate.swift; sourceTree = "<group>"; };
		3F0BF45D23DB28FB0037D726 /* SceneDelegate.swift */ = {isa = PBXFileReference; lastKnownFileType = sourcecode.swift; path = SceneDelegate.swift; sourceTree = "<group>"; };
		3F0BF45F23DB28FB0037D726 /* ContentView.swift */ = {isa = PBXFileReference; lastKnownFileType = sourcecode.swift; path = ContentView.swift; sourceTree = "<group>"; };
		3F0BF46123DB28FD0037D726 /* Assets.xcassets */ = {isa = PBXFileReference; lastKnownFileType = folder.assetcatalog; path = Assets.xcassets; sourceTree = "<group>"; };
		3F0BF46423DB28FD0037D726 /* Preview Assets.xcassets */ = {isa = PBXFileReference; lastKnownFileType = folder.assetcatalog; path = "Preview Assets.xcassets"; sourceTree = "<group>"; };
		3F0BF46723DB28FD0037D726 /* Base */ = {isa = PBXFileReference; lastKnownFileType = file.storyboard; name = Base; path = Base.lproj/LaunchScreen.storyboard; sourceTree = "<group>"; };
		3F0BF46923DB28FD0037D726 /* Info.plist */ = {isa = PBXFileReference; lastKnownFileType = text.plist.xml; path = Info.plist; sourceTree = "<group>"; };
/* End PBXFileReference section */

/* Begin PBXFrameworksBuildPhase section */
		3F0BF45523DB28FB0037D726 /* Frameworks */ = {
			isa = PBXFrameworksBuildPhase;
			buildActionMask = 2147483647;
			files = (
			);
			runOnlyForDeploymentPostprocessing = 0;
		};
/* End PBXFrameworksBuildPhase section */

/* Begin PBXGroup section */
		3F0BF44F23DB28FB0037D726 = {
			isa = PBXGroup;
			children = (
				3F0BF45A23DB28FB0037D726 /* Dumble */,
				3F0BF45923DB28FB0037D726 /* Products */,
			);
			sourceTree = "<group>";
		};
		3F0BF45923DB28FB0037D726 /* Products */ = {
			isa = PBXGroup;
			children = (
				3F0BF45823DB28FB0037D726 /* Dumble.app */,
			);
			name = Products;
			sourceTree = "<group>";
		};
		3F0BF45A23DB28FB0037D726 /* Dumble */ = {
			isa = PBXGroup;
			children = (
				3F0BF45B23DB28FB0037D726 /* AppDelegate.swift */,
				3F0BF45D23DB28FB0037D726 /* SceneDelegate.swift */,
				3F0BF45F23DB28FB0037D726 /* ContentView.swift */,
				3F0BF46123DB28FD0037D726 /* Assets.xcassets */,
				3F0BF46623DB28FD0037D726 /* LaunchScreen.storyboard */,
				3F0BF46923DB28FD0037D726 /* Info.plist */,
				3F0BF46323DB28FD0037D726 /* Preview Content */,
			);
			path = Dumble;
			sourceTree = "<group>";
		};
		3F0BF46323DB28FD0037D726 /* Preview Content */ = {
			isa = PBXGroup;
			children = (
				3F0BF46423DB28FD0037D726 /* Preview Assets.xcassets */,
			);
			path = "Preview Content";
			sourceTree = "<group>";
		};
/* End PBXGroup section */

/* Begin PBXNativeTarget section */
		3F0BF45723DB28FB0037D726 /* Dumble */ = {
			isa = PBXNativeTarget;
			buildConfigurationList = 3F0BF46C23DB28FD0037D726 /* Build configuration list for PBXNativeTarget "Dumble" */;
			buildPhases = (
				3F0BF45423DB28FB0037D726 /* Sources */,
				3F0BF45523DB28FB0037D726 /* Frameworks */,
				3F0BF45623DB28FB0037D726 /* Resources */,
			);
			buildRules = (
			);
			dependencies = (
			);
			name = Dumble;
			productName = Dumble;
			productReference = 3F0BF45823DB28FB0037D726 /* Dumble.app */;
			productType = "com.apple.product-type.application";
		};
/* End PBXNativeTarget section */

/* Begin PBXProject section */
		3F0BF45023DB28FB0037D726 /* Project object */ = {
			isa = PBXProject;
			attributes = {
				LastSwiftUpdateCheck = 1130;
				LastUpgradeCheck = 1130;
				ORGANIZATIONNAME = "brakni amine";
				TargetAttributes = {
					3F0BF45723DB28FB0037D726 = {
						CreatedOnToolsVersion = 11.3.1;
					};
				};
			};
			buildConfigurationList = 3F0BF45323DB28FB0037D726 /* Build configuration list for PBXProject "Dumble" */;
			compatibilityVersion = "Xcode 9.3";
			developmentRegion = en;
			hasScannedForEncodings = 0;
			knownRegions = (
				en,
				Base,
			);
			mainGroup = 3F0BF44F23DB28FB0037D726;
			productRefGroup = 3F0BF45923DB28FB0037D726 /* Products */;
			projectDirPath = "";
			projectRoot = "";
			targets = (
				3F0BF45723DB28FB0037D726 /* Dumble */,
			);
		};
/* End PBXProject section */

/* Begin PBXResourcesBuildPhase section */
		3F0BF45623DB28FB0037D726 /* Resources */ = {
			isa = PBXResourcesBuildPhase;
			buildActionMask = 2147483647;
			files = (
				3F0BF46823DB28FD0037D726 /* LaunchScreen.storyboard in Resources */,
				3F0BF46523DB28FD0037D726 /* Preview Assets.xcassets in Resources */,
				3F0BF46223DB28FD0037D726 /* Assets.xcassets in Resources */,
			);
			runOnlyForDeploymentPostprocessing = 0;
		};
/* End PBXResourcesBuildPhase section */

/* Begin PBXSourcesBuildPhase section */
		3F0BF45423DB28FB0037D726 /* Sources */ = {
			isa = PBXSourcesBuildPhase;
			buildActionMask = 2147483647;
			files = (
				3F0BF45C23DB28FB0037D726 /* AppDelegate.swift in Sources */,
				3F0BF45E23DB28FB0037D726 /* SceneDelegate.swift in Sources */,
				3F0BF46023DB28FB0037D726 /* ContentView.swift in Sources */,
			);
			runOnlyForDeploymentPostprocessing = 0;
		};
/* End PBXSourcesBuildPhase section */

/* Begin PBXVariantGroup section */
		3F0BF46623DB28FD0037D726 /* LaunchScreen.storyboard */ = {
			isa = PBXVariantGroup;
			children = (
				3F0BF46723DB28FD0037D726 /* Base */,
			);
			name = LaunchScreen.storyboard;
			sourceTree = "<group>";
		};
/* End PBXVariantGroup section */

/* Begin XCBuildConfiguration section */
		3F0BF46A23DB28FD0037D726 /* Debug */ = {
			isa = XCBuildConfiguration;
			buildSettings = {
				ALWAYS_SEARCH_USER_PATHS = NO;
				CLANG_ANALYZER_NONNULL = YES;
				CLANG_ANALYZER_NUMBER_OBJECT_CONVERSION = YES_AGGRESSIVE;
				CLANG_CXX_LANGUAGE_STANDARD = "gnu++14";
				CLANG_CXX_LIBRARY = "libc++";
				CLANG_ENABLE_MODULES = YES;
				CLANG_ENABLE_OBJC_ARC = YES;
				CLANG_ENABLE_OBJC_WEAK = YES;
				CLANG_WARN_BLOCK_CAPTURE_AUTORELEASING = YES;
				CLANG_WARN_BOOL_CONVERSION = YES;
				CLANG_WARN_COMMA = YES;
				CLANG_WARN_CONSTANT_CONVERSION = YES;
				CLANG_WARN_DEPRECATED_OBJC_IMPLEMENTATIONS = YES;
				CLANG_WARN_DIRECT_OBJC_ISA_USAGE = YES_ERROR;
				CLANG_WARN_DOCUMENTATION_COMMENTS = YES;
				CLANG_WARN_EMPTY_BODY = YES;
				CLANG_WARN_ENUM_CONVERSION = YES;
				CLANG_WARN_INFINITE_RECURSION = YES;
				CLANG_WARN_INT_CONVERSION = YES;
				CLANG_WARN_NON_LITERAL_NULL_CONVERSION = YES;
				CLANG_WARN_OBJC_IMPLICIT_RETAIN_SELF = YES;
				CLANG_WARN_OBJC_LITERAL_CONVERSION = YES;
				CLANG_WARN_OBJC_ROOT_CLASS = YES_ERROR;
				CLANG_WARN_RANGE_LOOP_ANALYSIS = YES;
				CLANG_WARN_STRICT_PROTOTYPES = YES;
				CLANG_WARN_SUSPICIOUS_MOVE = YES;
				CLANG_WARN_UNGUARDED_AVAILABILITY = YES_AGGRESSIVE;
				CLANG_WARN_UNREACHABLE_CODE = YES;
				CLANG_WARN__DUPLICATE_METHOD_MATCH = YES;
				COPY_PHASE_STRIP = NO;
				DEBUG_INFORMATION_FORMAT = dwarf;
				ENABLE_STRICT_OBJC_MSGSEND = YES;
				ENABLE_TESTABILITY = YES;
				GCC_C_LANGUAGE_STANDARD = gnu11;
				GCC_DYNAMIC_NO_PIC = NO;
				GCC_NO_COMMON_BLOCKS = YES;
				GCC_OPTIMIZATION_LEVEL = 0;
				GCC_PREPROCESSOR_DEFINITIONS = (
					"DEBUG=1",
					"$(inherited)",
				);
				GCC_WARN_64_TO_32_BIT_CONVERSION = YES;
				GCC_WARN_ABOUT_RETURN_TYPE = YES_ERROR;
				GCC_WARN_UNDECLARED_SELECTOR = YES;
				GCC_WARN_UNINITIALIZED_AUTOS = YES_AGGRESSIVE;
				GCC_WARN_UNUSED_FUNCTION = YES;
				GCC_WARN_UNUSED_VARIABLE = YES;
				IPHONEOS_DEPLOYMENT_TARGET = 13.2;
				MTL_ENABLE_DEBUG_INFO = INCLUDE_SOURCE;
				MTL_FAST_MATH = YES;
				ONLY_ACTIVE_ARCH = YES;
				SDKROOT = iphoneos;
				SWIFT_ACTIVE_COMPILATION_CONDITIONS = DEBUG;
				SWIFT_OPTIMIZATION_LEVEL = "-Onone";
			};
			name = Debug;
		};
		3F0BF46B23DB28FD0037D726 /* Release */ = {
			isa = XCBuildConfiguration;
			buildSettings = {
				ALWAYS_SEARCH_USER_PATHS = NO;
				CLANG_ANALYZER_NONNULL = YES;
				CLANG_ANALYZER_NUMBER_OBJECT_CONVERSION = YES_AGGRESSIVE;
				CLANG_CXX_LANGUAGE_STANDARD = "gnu++14";
				CLANG_CXX_LIBRARY = "libc++";
				CLANG_ENABLE_MODULES = YES;
				CLANG_ENABLE_OBJC_ARC = YES;
				CLANG_ENABLE_OBJC_WEAK = YES;
				CLANG_WARN_BLOCK_CAPTURE_AUTORELEASING = YES;
				CLANG_WARN_BOOL_CONVERSION = YES;
				CLANG_WARN_COMMA = YES;
				CLANG_WARN_CONSTANT_CONVERSION = YES;
				CLANG_WARN_DEPRECATED_OBJC_IMPLEMENTATIONS = YES;
				CLANG_WARN_DIRECT_OBJC_ISA_USAGE = YES_ERROR;
				CLANG_WARN_DOCUMENTATION_COMMENTS = YES;
				CLANG_WARN_EMPTY_BODY = YES;
				CLANG_WARN_ENUM_CONVERSION = YES;
				CLANG_WARN_INFINITE_RECURSION = YES;
				CLANG_WARN_INT_CONVERSION = YES;
				CLANG_WARN_NON_LITERAL_NULL_CONVERSION = YES;
				CLANG_WARN_OBJC_IMPLICIT_RETAIN_SELF = YES;
				CLANG_WARN_OBJC_LITERAL_CONVERSION = YES;
				CLANG_WARN_OBJC_ROOT_CLASS = YES_ERROR;
				CLANG_WARN_RANGE_LOOP_ANALYSIS = YES;
				CLANG_WARN_STRICT_PROTOTYPES = YES;
				CLANG_WARN_SUSPICIOUS_MOVE = YES;
				CLANG_WARN_UNGUARDED_AVAILABILITY = YES_AGGRESSIVE;
				CLANG_WARN_UNREACHABLE_CODE = YES;
				CLANG_WARN__DUPLICATE_METHOD_MATCH = YES;
				COPY_PHASE_STRIP = NO;
				DEBUG_INFORMATION_FORMAT = "dwarf-with-dsym";
				ENABLE_NS_ASSERTIONS = NO;
				ENABLE_STRICT_OBJC_MSGSEND = YES;
				GCC_C_LANGUAGE_STANDARD = gnu11;
				GCC_NO_COMMON_BLOCKS = YES;
				GCC_WARN_64_TO_32_BIT_CONVERSION = YES;
				GCC_WARN_ABOUT_RETURN_TYPE = YES_ERROR;
				GCC_WARN_UNDECLARED_SELECTOR = YES;
				GCC_WARN_UNINITIALIZED_AUTOS = YES_AGGRESSIVE;
				GCC_WARN_UNUSED_FUNCTION = YES;
				GCC_WARN_UNUSED_VARIABLE = YES;
				IPHONEOS_DEPLOYMENT_TARGET = 13.2;
				MTL_ENABLE_DEBUG_INFO = NO;
				MTL_FAST_MATH = YES;
				SDKROOT = iphoneos;
				SWIFT_COMPILATION_MODE = wholemodule;
				SWIFT_OPTIMIZATION_LEVEL = "-O";
				VALIDATE_PRODUCT = YES;
			};
			name = Release;
		};
		3F0BF46D23DB28FD0037D726 /* Debug */ = {
			isa = XCBuildConfiguration;
			buildSettings = {
				ASSETCATALOG_COMPILER_APPICON_NAME = AppIcon;
				CODE_SIGN_STYLE = Automatic;
				DEVELOPMENT_ASSET_PATHS = "\"Dumble/Preview Content\"";
				ENABLE_PREVIEWS = YES;
				INFOPLIST_FILE = Dumble/Info.plist;
				LD_RUNPATH_SEARCH_PATHS = (
					"$(inherited)",
					"@executable_path/Frameworks",
				);
				PRODUCT_BUNDLE_IDENTIFIER = com.brakni.Dumble;
				PRODUCT_NAME = "$(TARGET_NAME)";
				SWIFT_VERSION = 5.0;
				TARGETED_DEVICE_FAMILY = "1,2";
			};
			name = Debug;
		};
		3F0BF46E23DB28FD0037D726 /* Release */ = {
			isa = XCBuildConfiguration;
			buildSettings = {
				ASSETCATALOG_COMPILER_APPICON_NAME = AppIcon;
				CODE_SIGN_STYLE = Automatic;
				DEVELOPMENT_ASSET_PATHS = "\"Dumble/Preview Content\"";
				ENABLE_PREVIEWS = YES;
				INFOPLIST_FILE = Dumble/Info.plist;
				LD_RUNPATH_SEARCH_PATHS = (
					"$(inherited)",
					"@executable_path/Frameworks",
				);
				PRODUCT_BUNDLE_IDENTIFIER = com.brakni.Dumble;
				PRODUCT_NAME = "$(TARGET_NAME)";
				SWIFT_VERSION = 5.0;
				TARGETED_DEVICE_FAMILY = "1,2";
			};
			name = Release;
		};
/* End XCBuildConfiguration section */

/* Begin XCConfigurationList section */
		3F0BF45323DB28FB0037D726 /* Build configuration list for PBXProject "Dumble" */ = {
			isa = XCConfigurationList;
			buildConfigurations = (
				3F0BF46A23DB28FD0037D726 /* Debug */,
				3F0BF46B23DB28FD0037D726 /* Release */,
			);
			defaultConfigurationIsVisible = 0;
			defaultConfigurationName = Release;
		};
		3F0BF46C23DB28FD0037D726 /* Build configuration list for PBXNativeTarget "Dumble" */ = {
			isa = XCConfigurationList;
			buildConfigurations = (
				3F0BF46D23DB28FD0037D726 /* Debug */,
				3F0BF46E23DB28FD0037D726 /* Release */,
			);
			defaultConfigurationIsVisible = 0;
			defaultConfigurationName = Release;
		};
/* End XCConfigurationList section */
	};
	rootObject = 3F0BF45023DB28FB0037D726 /* Project object */;
}
