// !$*UTF8*$!
{
	archiveVersion = 1;
	classes = {
	};
	objectVersion = 50;
	objects = {

/* Begin PBXBuildFile section */
		F127CD8C23DEE0D50043D39C /* AppDelegate.swift in Sources */ = {isa = PBXBuildFile; fileRef = F127CD8B23DEE0D50043D39C /* AppDelegate.swift */; };
		F127CD8E23DEE0D50043D39C /* SceneDelegate.swift in Sources */ = {isa = PBXBuildFile; fileRef = F127CD8D23DEE0D50043D39C /* SceneDelegate.swift */; };
		F127CD9023DEE0D50043D39C /* MainView.swift in Sources */ = {isa = PBXBuildFile; fileRef = F127CD8F23DEE0D50043D39C /* MainView.swift */; };
		F127CD9223DEE0D70043D39C /* Assets.xcassets in Resources */ = {isa = PBXBuildFile; fileRef = F127CD9123DEE0D70043D39C /* Assets.xcassets */; };
		F127CD9523DEE0D70043D39C /* Preview Assets.xcassets in Resources */ = {isa = PBXBuildFile; fileRef = F127CD9423DEE0D70043D39C /* Preview Assets.xcassets */; };
		F127CD9823DEE0D70043D39C /* LaunchScreen.storyboard in Resources */ = {isa = PBXBuildFile; fileRef = F127CD9623DEE0D70043D39C /* LaunchScreen.storyboard */; };
		F127CDA023DEF8C90043D39C /* DetailView.swift in Sources */ = {isa = PBXBuildFile; fileRef = F127CD9F23DEF8C90043D39C /* DetailView.swift */; };
/* End PBXBuildFile section */

/* Begin PBXFileReference section */
		F127CD8823DEE0D50043D39C /* MyFavoritePlace.app */ = {isa = PBXFileReference; explicitFileType = wrapper.application; includeInIndex = 0; path = MyFavoritePlace.app; sourceTree = BUILT_PRODUCTS_DIR; };
		F127CD8B23DEE0D50043D39C /* AppDelegate.swift */ = {isa = PBXFileReference; lastKnownFileType = sourcecode.swift; path = AppDelegate.swift; sourceTree = "<group>"; };
		F127CD8D23DEE0D50043D39C /* SceneDelegate.swift */ = {isa = PBXFileReference; lastKnownFileType = sourcecode.swift; path = SceneDelegate.swift; sourceTree = "<group>"; };
		F127CD8F23DEE0D50043D39C /* MainView.swift */ = {isa = PBXFileReference; lastKnownFileType = sourcecode.swift; path = MainView.swift; sourceTree = "<group>"; };
		F127CD9123DEE0D70043D39C /* Assets.xcassets */ = {isa = PBXFileReference; lastKnownFileType = folder.assetcatalog; path = Assets.xcassets; sourceTree = "<group>"; };
		F127CD9423DEE0D70043D39C /* Preview Assets.xcassets */ = {isa = PBXFileReference; lastKnownFileType = folder.assetcatalog; path = "Preview Assets.xcassets"; sourceTree = "<group>"; };
		F127CD9723DEE0D70043D39C /* Base */ = {isa = PBXFileReference; lastKnownFileType = file.storyboard; name = Base; path = Base.lproj/LaunchScreen.storyboard; sourceTree = "<group>"; };
		F127CD9923DEE0D70043D39C /* Info.plist */ = {isa = PBXFileReference; lastKnownFileType = text.plist.xml; path = Info.plist; sourceTree = "<group>"; };
		F127CD9F23DEF8C90043D39C /* DetailView.swift */ = {isa = PBXFileReference; lastKnownFileType = sourcecode.swift; path = DetailView.swift; sourceTree = "<group>"; };
/* End PBXFileReference section */

/* Begin PBXFrameworksBuildPhase section */
		F127CD8523DEE0D50043D39C /* Frameworks */ = {
			isa = PBXFrameworksBuildPhase;
			buildActionMask = 2147483647;
			files = (
			);
			runOnlyForDeploymentPostprocessing = 0;
		};
/* End PBXFrameworksBuildPhase section */

/* Begin PBXGroup section */
		F127CD7F23DEE0D40043D39C = {
			isa = PBXGroup;
			children = (
				F127CD8A23DEE0D50043D39C /* MyFavoritePlace */,
				F127CD8923DEE0D50043D39C /* Products */,
			);
			sourceTree = "<group>";
		};
		F127CD8923DEE0D50043D39C /* Products */ = {
			isa = PBXGroup;
			children = (
				F127CD8823DEE0D50043D39C /* MyFavoritePlace.app */,
			);
			name = Products;
			sourceTree = "<group>";
		};
		F127CD8A23DEE0D50043D39C /* MyFavoritePlace */ = {
			isa = PBXGroup;
			children = (
				F127CD8B23DEE0D50043D39C /* AppDelegate.swift */,
				F127CD8D23DEE0D50043D39C /* SceneDelegate.swift */,
				F127CD8F23DEE0D50043D39C /* MainView.swift */,
				F127CD9123DEE0D70043D39C /* Assets.xcassets */,
				F127CD9F23DEF8C90043D39C /* DetailView.swift */,
				F127CD9623DEE0D70043D39C /* LaunchScreen.storyboard */,
				F127CD9923DEE0D70043D39C /* Info.plist */,
				F127CD9323DEE0D70043D39C /* Preview Content */,
			);
			path = MyFavoritePlace;
			sourceTree = "<group>";
		};
		F127CD9323DEE0D70043D39C /* Preview Content */ = {
			isa = PBXGroup;
			children = (
				F127CD9423DEE0D70043D39C /* Preview Assets.xcassets */,
			);
			path = "Preview Content";
			sourceTree = "<group>";
		};
/* End PBXGroup section */

/* Begin PBXNativeTarget section */
		F127CD8723DEE0D50043D39C /* MyFavoritePlace */ = {
			isa = PBXNativeTarget;
			buildConfigurationList = F127CD9C23DEE0D70043D39C /* Build configuration list for PBXNativeTarget "MyFavoritePlace" */;
			buildPhases = (
				F127CD8423DEE0D50043D39C /* Sources */,
				F127CD8523DEE0D50043D39C /* Frameworks */,
				F127CD8623DEE0D50043D39C /* Resources */,
			);
			buildRules = (
			);
			dependencies = (
			);
			name = MyFavoritePlace;
			productName = MyFavoritePlace;
			productReference = F127CD8823DEE0D50043D39C /* MyFavoritePlace.app */;
			productType = "com.apple.product-type.application";
		};
/* End PBXNativeTarget section */

/* Begin PBXProject section */
		F127CD8023DEE0D40043D39C /* Project object */ = {
			isa = PBXProject;
			attributes = {
				LastSwiftUpdateCheck = 1110;
				LastUpgradeCheck = 1110;
				ORGANIZATIONNAME = "Reda van Eeuwijk";
				TargetAttributes = {
					F127CD8723DEE0D50043D39C = {
						CreatedOnToolsVersion = 11.1;
					};
				};
			};
			buildConfigurationList = F127CD8323DEE0D40043D39C /* Build configuration list for PBXProject "MyFavoritePlace" */;
			compatibilityVersion = "Xcode 9.3";
			developmentRegion = en;
			hasScannedForEncodings = 0;
			knownRegions = (
				en,
				Base,
			);
			mainGroup = F127CD7F23DEE0D40043D39C;
			productRefGroup = F127CD8923DEE0D50043D39C /* Products */;
			projectDirPath = "";
			projectRoot = "";
			targets = (
				F127CD8723DEE0D50043D39C /* MyFavoritePlace */,
			);
		};
/* End PBXProject section */

/* Begin PBXResourcesBuildPhase section */
		F127CD8623DEE0D50043D39C /* Resources */ = {
			isa = PBXResourcesBuildPhase;
			buildActionMask = 2147483647;
			files = (
				F127CD9823DEE0D70043D39C /* LaunchScreen.storyboard in Resources */,
				F127CD9523DEE0D70043D39C /* Preview Assets.xcassets in Resources */,
				F127CD9223DEE0D70043D39C /* Assets.xcassets in Resources */,
			);
			runOnlyForDeploymentPostprocessing = 0;
		};
/* End PBXResourcesBuildPhase section */

/* Begin PBXSourcesBuildPhase section */
		F127CD8423DEE0D50043D39C /* Sources */ = {
			isa = PBXSourcesBuildPhase;
			buildActionMask = 2147483647;
			files = (
				F127CD8C23DEE0D50043D39C /* AppDelegate.swift in Sources */,
				F127CDA023DEF8C90043D39C /* DetailView.swift in Sources */,
				F127CD8E23DEE0D50043D39C /* SceneDelegate.swift in Sources */,
				F127CD9023DEE0D50043D39C /* MainView.swift in Sources */,
			);
			runOnlyForDeploymentPostprocessing = 0;
		};
/* End PBXSourcesBuildPhase section */

/* Begin PBXVariantGroup section */
		F127CD9623DEE0D70043D39C /* LaunchScreen.storyboard */ = {
			isa = PBXVariantGroup;
			children = (
				F127CD9723DEE0D70043D39C /* Base */,
			);
			name = LaunchScreen.storyboard;
			sourceTree = "<group>";
		};
/* End PBXVariantGroup section */

/* Begin XCBuildConfiguration section */
		F127CD9A23DEE0D70043D39C /* Debug */ = {
			isa = XCBuildConfiguration;
			buildSettings = {
				ALWAYS_SEARCH_USER_PATHS = NO;
				CLANG_ANALYZER_NONNULL = YES;
				CLANG_ANALYZER_NUMBER_OBJECT_CONVERSION = YES_AGGRESSIVE;
				CLANG_CXX_LANGUAGE_STANDARD = "gnu++14";
				CLANG_CXX_LIBRARY = "libc++";
				CLANG_ENABLE_MODULES = YES;
				CLANG_ENABLE_OBJC_ARC = YES;
				CLANG_ENABLE_OBJC_WEAK = YES;
				CLANG_WARN_BLOCK_CAPTURE_AUTORELEASING = YES;
				CLANG_WARN_BOOL_CONVERSION = YES;
				CLANG_WARN_COMMA = YES;
				CLANG_WARN_CONSTANT_CONVERSION = YES;
				CLANG_WARN_DEPRECATED_OBJC_IMPLEMENTATIONS = YES;
				CLANG_WARN_DIRECT_OBJC_ISA_USAGE = YES_ERROR;
				CLANG_WARN_DOCUMENTATION_COMMENTS = YES;
				CLANG_WARN_EMPTY_BODY = YES;
				CLANG_WARN_ENUM_CONVERSION = YES;
				CLANG_WARN_INFINITE_RECURSION = YES;
				CLANG_WARN_INT_CONVERSION = YES;
				CLANG_WARN_NON_LITERAL_NULL_CONVERSION = YES;
				CLANG_WARN_OBJC_IMPLICIT_RETAIN_SELF = YES;
				CLANG_WARN_OBJC_LITERAL_CONVERSION = YES;
				CLANG_WARN_OBJC_ROOT_CLASS = YES_ERROR;
				CLANG_WARN_RANGE_LOOP_ANALYSIS = YES;
				CLANG_WARN_STRICT_PROTOTYPES = YES;
				CLANG_WARN_SUSPICIOUS_MOVE = YES;
				CLANG_WARN_UNGUARDED_AVAILABILITY = YES_AGGRESSIVE;
				CLANG_WARN_UNREACHABLE_CODE = YES;
				CLANG_WARN__DUPLICATE_METHOD_MATCH = YES;
				COPY_PHASE_STRIP = NO;
				DEBUG_INFORMATION_FORMAT = dwarf;
				ENABLE_STRICT_OBJC_MSGSEND = YES;
				ENABLE_TESTABILITY = YES;
				GCC_C_LANGUAGE_STANDARD = gnu11;
				GCC_DYNAMIC_NO_PIC = NO;
				GCC_NO_COMMON_BLOCKS = YES;
				GCC_OPTIMIZATION_LEVEL = 0;
				GCC_PREPROCESSOR_DEFINITIONS = (
					"DEBUG=1",
					"$(inherited)",
				);
				GCC_WARN_64_TO_32_BIT_CONVERSION = YES;
				GCC_WARN_ABOUT_RETURN_TYPE = YES_ERROR;
				GCC_WARN_UNDECLARED_SELECTOR = YES;
				GCC_WARN_UNINITIALIZED_AUTOS = YES_AGGRESSIVE;
				GCC_WARN_UNUSED_FUNCTION = YES;
				GCC_WARN_UNUSED_VARIABLE = YES;
				IPHONEOS_DEPLOYMENT_TARGET = 13.1;
				MTL_ENABLE_DEBUG_INFO = INCLUDE_SOURCE;
				MTL_FAST_MATH = YES;
				ONLY_ACTIVE_ARCH = YES;
				SDKROOT = iphoneos;
				SWIFT_ACTIVE_COMPILATION_CONDITIONS = DEBUG;
				SWIFT_OPTIMIZATION_LEVEL = "-Onone";
			};
			name = Debug;
		};
		F127CD9B23DEE0D70043D39C /* Release */ = {
			isa = XCBuildConfiguration;
			buildSettings = {
				ALWAYS_SEARCH_USER_PATHS = NO;
				CLANG_ANALYZER_NONNULL = YES;
				CLANG_ANALYZER_NUMBER_OBJECT_CONVERSION = YES_AGGRESSIVE;
				CLANG_CXX_LANGUAGE_STANDARD = "gnu++14";
				CLANG_CXX_LIBRARY = "libc++";
				CLANG_ENABLE_MODULES = YES;
				CLANG_ENABLE_OBJC_ARC = YES;
				CLANG_ENABLE_OBJC_WEAK = YES;
				CLANG_WARN_BLOCK_CAPTURE_AUTORELEASING = YES;
				CLANG_WARN_BOOL_CONVERSION = YES;
				CLANG_WARN_COMMA = YES;
				CLANG_WARN_CONSTANT_CONVERSION = YES;
				CLANG_WARN_DEPRECATED_OBJC_IMPLEMENTATIONS = YES;
				CLANG_WARN_DIRECT_OBJC_ISA_USAGE = YES_ERROR;
				CLANG_WARN_DOCUMENTATION_COMMENTS = YES;
				CLANG_WARN_EMPTY_BODY = YES;
				CLANG_WARN_ENUM_CONVERSION = YES;
				CLANG_WARN_INFINITE_RECURSION = YES;
				CLANG_WARN_INT_CONVERSION = YES;
				CLANG_WARN_NON_LITERAL_NULL_CONVERSION = YES;
				CLANG_WARN_OBJC_IMPLICIT_RETAIN_SELF = YES;
				CLANG_WARN_OBJC_LITERAL_CONVERSION = YES;
				CLANG_WARN_OBJC_ROOT_CLASS = YES_ERROR;
				CLANG_WARN_RANGE_LOOP_ANALYSIS = YES;
				CLANG_WARN_STRICT_PROTOTYPES = YES;
				CLANG_WARN_SUSPICIOUS_MOVE = YES;
				CLANG_WARN_UNGUARDED_AVAILABILITY = YES_AGGRESSIVE;
				CLANG_WARN_UNREACHABLE_CODE = YES;
				CLANG_WARN__DUPLICATE_METHOD_MATCH = YES;
				COPY_PHASE_STRIP = NO;
				DEBUG_INFORMATION_FORMAT = "dwarf-with-dsym";
				ENABLE_NS_ASSERTIONS = NO;
				ENABLE_STRICT_OBJC_MSGSEND = YES;
				GCC_C_LANGUAGE_STANDARD = gnu11;
				GCC_NO_COMMON_BLOCKS = YES;
				GCC_WARN_64_TO_32_BIT_CONVERSION = YES;
				GCC_WARN_ABOUT_RETURN_TYPE = YES_ERROR;
				GCC_WARN_UNDECLARED_SELECTOR = YES;
				GCC_WARN_UNINITIALIZED_AUTOS = YES_AGGRESSIVE;
				GCC_WARN_UNUSED_FUNCTION = YES;
				GCC_WARN_UNUSED_VARIABLE = YES;
				IPHONEOS_DEPLOYMENT_TARGET = 13.1;
				MTL_ENABLE_DEBUG_INFO = NO;
				MTL_FAST_MATH = YES;
				SDKROOT = iphoneos;
				SWIFT_COMPILATION_MODE = wholemodule;
				SWIFT_OPTIMIZATION_LEVEL = "-O";
				VALIDATE_PRODUCT = YES;
			};
			name = Release;
		};
		F127CD9D23DEE0D70043D39C /* Debug */ = {
			isa = XCBuildConfiguration;
			buildSettings = {
				ASSETCATALOG_COMPILER_APPICON_NAME = AppIcon;
				CODE_SIGN_STYLE = Automatic;
				DEVELOPMENT_ASSET_PATHS = "\"MyFavoritePlace/Preview Content\"";
				DEVELOPMENT_TEAM = R972XGJU7N;
				ENABLE_PREVIEWS = YES;
				INFOPLIST_FILE = MyFavoritePlace/Info.plist;
				LD_RUNPATH_SEARCH_PATHS = (
					"$(inherited)",
					"@executable_path/Frameworks",
				);
				PRODUCT_BUNDLE_IDENTIFIER = com.entreprise.MyFavoritePlace;
				PRODUCT_NAME = "$(TARGET_NAME)";
				SWIFT_VERSION = 5.0;
				TARGETED_DEVICE_FAMILY = "1,2";
			};
			name = Debug;
		};
		F127CD9E23DEE0D70043D39C /* Release */ = {
			isa = XCBuildConfiguration;
			buildSettings = {
				ASSETCATALOG_COMPILER_APPICON_NAME = AppIcon;
				CODE_SIGN_STYLE = Automatic;
				DEVELOPMENT_ASSET_PATHS = "\"MyFavoritePlace/Preview Content\"";
				DEVELOPMENT_TEAM = R972XGJU7N;
				ENABLE_PREVIEWS = YES;
				INFOPLIST_FILE = MyFavoritePlace/Info.plist;
				LD_RUNPATH_SEARCH_PATHS = (
					"$(inherited)",
					"@executable_path/Frameworks",
				);
				PRODUCT_BUNDLE_IDENTIFIER = com.entreprise.MyFavoritePlace;
				PRODUCT_NAME = "$(TARGET_NAME)";
				SWIFT_VERSION = 5.0;
				TARGETED_DEVICE_FAMILY = "1,2";
			};
			name = Release;
		};
/* End XCBuildConfiguration section */

/* Begin XCConfigurationList section */
		F127CD8323DEE0D40043D39C /* Build configuration list for PBXProject "MyFavoritePlace" */ = {
			isa = XCConfigurationList;
			buildConfigurations = (
				F127CD9A23DEE0D70043D39C /* Debug */,
				F127CD9B23DEE0D70043D39C /* Release */,
			);
			defaultConfigurationIsVisible = 0;
			defaultConfigurationName = Release;
		};
		F127CD9C23DEE0D70043D39C /* Build configuration list for PBXNativeTarget "MyFavoritePlace" */ = {
			isa = XCConfigurationList;
			buildConfigurations = (
				F127CD9D23DEE0D70043D39C /* Debug */,
				F127CD9E23DEE0D70043D39C /* Release */,
			);
			defaultConfigurationIsVisible = 0;
			defaultConfigurationName = Release;
		};
/* End XCConfigurationList section */
	};
	rootObject = F127CD8023DEE0D40043D39C /* Project object */;
}
